
Microsoft Visual Studio Solution File, Format Version 12.00
# Visual Studio 15
Project("{FAE04EC0-301F-11D3-BF4B-00C04F79EFBC}") = "ProbForm.WebApi", "ProbForm.WebApi\ProbForm.WebApi.csproj", "{15227F8D-EB40-44EF-A199-76E3549BAE7B}"
EndProject
Project("{FAE04EC0-301F-11D3-BF4B-00C04F79EFBC}") = "ProbForm.Models", "ProbForm.Models\ProbForm.Models.csproj", "{099850FA-54FF-452D-959B-9998B8B3B67A}"
EndProject
Project("{FAE04EC0-301F-11D3-BF4B-00C04F79EFBC}") = "ProbForm.AppContext", "ProbForm.DbContext\ProbForm.AppContext.csproj", "{2BED8CA8-E71E-4A50-9766-6E7F2F6867A1}"
EndProject
Project("{FAE04EC0-301F-11D3-BF4B-00C04F79EFBC}") = "ProbForm.ConsoleApplication", "ProbForm.ConsoleApplication\ProbForm.ConsoleApplication.csproj", "{1FB05C2D-FFFF-46D2-87FB-B3CEB8AB6A69}"
EndProject
Project("{9344BDBB-3E7F-41FC-A0DD-8665D75EE146}") = "ProbForm.Alexa", "ProbForm.Alexa\ProbForm.Alexa.csproj", "{BFEE39D5-02AE-4325-AAB4-752CC926392A}"
EndProject
Project("{9344BDBB-3E7F-41FC-A0DD-8665D75EE146}") = "ProbForm.TimeTrigger", "ProbForm.TimeTrigger\ProbForm.TimeTrigger.csproj", "{BD9227DF-F71A-41C4-99B9-3A9A7E726F54}"
EndProject
Global
	GlobalSection(SolutionConfigurationPlatforms) = preSolution
		Debug|x86 = Debug|x86
		Release|x86 = Release|x86
	EndGlobalSection
	GlobalSection(ProjectConfigurationPlatforms) = postSolution
		{15227F8D-EB40-44EF-A199-76E3549BAE7B}.Debug|x86.ActiveCfg = Debug|Any CPU
		{15227F8D-EB40-44EF-A199-76E3549BAE7B}.Debug|x86.Build.0 = Debug|Any CPU
		{15227F8D-EB40-44EF-A199-76E3549BAE7B}.Release|x86.ActiveCfg = Release|Any CPU
		{15227F8D-EB40-44EF-A199-76E3549BAE7B}.Release|x86.Build.0 = Release|Any CPU
		{099850FA-54FF-452D-959B-9998B8B3B67A}.Debug|x86.ActiveCfg = Debug|Any CPU
		{099850FA-54FF-452D-959B-9998B8B3B67A}.Debug|x86.Build.0 = Debug|Any CPU
		{099850FA-54FF-452D-959B-9998B8B3B67A}.Release|x86.ActiveCfg = Release|Any CPU
		{099850FA-54FF-452D-959B-9998B8B3B67A}.Release|x86.Build.0 = Release|Any CPU
		{2BED8CA8-E71E-4A50-9766-6E7F2F6867A1}.Debug|x86.ActiveCfg = Debug|Any CPU
		{2BED8CA8-E71E-4A50-9766-6E7F2F6867A1}.Debug|x86.Build.0 = Debug|Any CPU
		{2BED8CA8-E71E-4A50-9766-6E7F2F6867A1}.Release|x86.ActiveCfg = Release|Any CPU
		{2BED8CA8-E71E-4A50-9766-6E7F2F6867A1}.Release|x86.Build.0 = Release|Any CPU
		{1FB05C2D-FFFF-46D2-87FB-B3CEB8AB6A69}.Debug|x86.ActiveCfg = Debug|Any CPU
		{1FB05C2D-FFFF-46D2-87FB-B3CEB8AB6A69}.Debug|x86.Build.0 = Debug|Any CPU
		{1FB05C2D-FFFF-46D2-87FB-B3CEB8AB6A69}.Release|x86.ActiveCfg = Release|Any CPU
		{1FB05C2D-FFFF-46D2-87FB-B3CEB8AB6A69}.Release|x86.Build.0 = Release|Any CPU
		{BFEE39D5-02AE-4325-AAB4-752CC926392A}.Debug|x86.ActiveCfg = Debug|Any CPU
		{BFEE39D5-02AE-4325-AAB4-752CC926392A}.Debug|x86.Build.0 = Debug|Any CPU
		{BFEE39D5-02AE-4325-AAB4-752CC926392A}.Release|x86.ActiveCfg = Release|Any CPU
		{BFEE39D5-02AE-4325-AAB4-752CC926392A}.Release|x86.Build.0 = Release|Any CPU
		{BD9227DF-F71A-41C4-99B9-3A9A7E726F54}.Debug|x86.ActiveCfg = Debug|Any CPU
		{BD9227DF-F71A-41C4-99B9-3A9A7E726F54}.Debug|x86.Build.0 = Debug|Any CPU
		{BD9227DF-F71A-41C4-99B9-3A9A7E726F54}.Release|x86.ActiveCfg = Release|Any CPU
		{BD9227DF-F71A-41C4-99B9-3A9A7E726F54}.Release|x86.Build.0 = Release|Any CPU
	EndGlobalSection
EndGlobal
